{
  "version": 1,
  "dependencies": {
    "net10.0": {
      "OpenCvSharp4": {
        "type": "Transitive",
        "resolved": "4.13.0.20260627",
        "contentHash": "nYk95jkyYY9f0sF5KqZ3OB1SWkmqsfV7eN0ROiQds/rxpSn0v1G0QIedMbwuqbdPhvQnOIG2DDmpkLnHEJMh8Q=="
      },
      "OpenCvSharp4.runtime.win": {
        "type": "Transitive",
        "resolved": "4.13.0.20260627",
        "contentHash": "POIxR+CTpwHJIdam6wd8U2fprWv5QnIUw50jw79WEGb37He3T1h11SdtwSj9p2PLSfrzonMjO2t71wqi5uFsoQ=="
      },
      "projecttabletop.vision": {
        "type": "Project",
        "dependencies": {
          "OpenCvSharp4": "[4.13.0.20260627, )",
          "OpenCvSharp4.runtime.win": "[4.13.0.20260627, )"
        }
      }
    }
  }
}